// !$*UTF8*$!
{
	archiveVersion = 1;
	classes = {
	};
	objectVersion = 55;
	objects = {

/* Begin PBXBuildFile section */
		43A72BB8E35E78AF06B79EC9 /* CurvedText.swift in Sources */ = {isa = PBXBuildFile; fileRef = 43A72B7F8E953A96DD0128A8 /* CurvedText.swift */; };
		6A1C521C2722FF8F0091E1C9 /* lifeWheelIOSApp.swift in Sources */ = {isa = PBXBuildFile; fileRef = 6A1C520C2722FF8E0091E1C9 /* lifeWheelIOSApp.swift */; };
		6A1C521D2722FF8F0091E1C9 /* lifeWheelIOSApp.swift in Sources */ = {isa = PBXBuildFile; fileRef = 6A1C520C2722FF8E0091E1C9 /* lifeWheelIOSApp.swift */; };
		6A1C521E2722FF8F0091E1C9 /* ContentView.swift in Sources */ = {isa = PBXBuildFile; fileRef = 6A1C520D2722FF8E0091E1C9 /* ContentView.swift */; };
		6A1C521F2722FF8F0091E1C9 /* ContentView.swift in Sources */ = {isa = PBXBuildFile; fileRef = 6A1C520D2722FF8E0091E1C9 /* ContentView.swift */; };
		6A1C52202722FF8F0091E1C9 /* Assets.xcassets in Resources */ = {isa = PBXBuildFile; fileRef = 6A1C520E2722FF8F0091E1C9 /* Assets.xcassets */; };
		6A1C52212722FF8F0091E1C9 /* Assets.xcassets in Resources */ = {isa = PBXBuildFile; fileRef = 6A1C520E2722FF8F0091E1C9 /* Assets.xcassets */; };
		6A1C522B27230A0B0091E1C9 /* ContentViewModel.swift in Sources */ = {isa = PBXBuildFile; fileRef = 6A1C522A27230A0A0091E1C9 /* ContentViewModel.swift */; };
		6A1C522C27230A0B0091E1C9 /* ContentViewModel.swift in Sources */ = {isa = PBXBuildFile; fileRef = 6A1C522A27230A0A0091E1C9 /* ContentViewModel.swift */; };
/* End PBXBuildFile section */

/* Begin PBXFileReference section */
		43A72B7F8E953A96DD0128A8 /* CurvedText.swift */ = {isa = PBXFileReference; fileEncoding = 4; lastKnownFileType = sourcecode.swift; path = CurvedText.swift; sourceTree = "<group>"; };
		6A1C520C2722FF8E0091E1C9 /* lifeWheelIOSApp.swift */ = {isa = PBXFileReference; lastKnownFileType = sourcecode.swift; path = lifeWheelIOSApp.swift; sourceTree = "<group>"; };
		6A1C520D2722FF8E0091E1C9 /* ContentView.swift */ = {isa = PBXFileReference; lastKnownFileType = sourcecode.swift; path = ContentView.swift; sourceTree = "<group>"; };
		6A1C520E2722FF8F0091E1C9 /* Assets.xcassets */ = {isa = PBXFileReference; lastKnownFileType = folder.assetcatalog; path = Assets.xcassets; sourceTree = "<group>"; };
		6A1C52132722FF8F0091E1C9 /* lifeWheelIOS.app */ = {isa = PBXFileReference; explicitFileType = wrapper.application; includeInIndex = 0; path = lifeWheelIOS.app; sourceTree = BUILT_PRODUCTS_DIR; };
		6A1C52192722FF8F0091E1C9 /* lifeWheelIOS.app */ = {isa = PBXFileReference; explicitFileType = wrapper.application; includeInIndex = 0; path = lifeWheelIOS.app; sourceTree = BUILT_PRODUCTS_DIR; };
		6A1C521B2722FF8F0091E1C9 /* macOS.entitlements */ = {isa = PBXFileReference; lastKnownFileType = text.plist.entitlements; path = macOS.entitlements; sourceTree = "<group>"; };
		6A1C522A27230A0A0091E1C9 /* ContentViewModel.swift */ = {isa = PBXFileReference; lastKnownFileType = sourcecode.swift; path = ContentViewModel.swift; sourceTree = "<group>"; };
/* End PBXFileReference section */

/* Begin PBXFrameworksBuildPhase section */
		6A1C52102722FF8F0091E1C9 /* Frameworks */ = {
			isa = PBXFrameworksBuildPhase;
			buildActionMask = 2147483647;
			files = (
			);
			runOnlyForDeploymentPostprocessing = 0;
		};
		6A1C52162722FF8F0091E1C9 /* Frameworks */ = {
			isa = PBXFrameworksBuildPhase;
			buildActionMask = 2147483647;
			files = (
			);
			runOnlyForDeploymentPostprocessing = 0;
		};
/* End PBXFrameworksBuildPhase section */

/* Begin PBXGroup section */
		6A1C52062722FF8E0091E1C9 = {
			isa = PBXGroup;
			children = (
				6A1C520B2722FF8E0091E1C9 /* Shared */,
				6A1C521A2722FF8F0091E1C9 /* macOS */,
				6A1C52142722FF8F0091E1C9 /* Products */,
			);
			sourceTree = "<group>";
		};
		6A1C520B2722FF8E0091E1C9 /* Shared */ = {
			isa = PBXGroup;
			children = (
				6A1C520C2722FF8E0091E1C9 /* lifeWheelIOSApp.swift */,
				6A1C520D2722FF8E0091E1C9 /* ContentView.swift */,
				6A1C520E2722FF8F0091E1C9 /* Assets.xcassets */,
				6A1C522A27230A0A0091E1C9 /* ContentViewModel.swift */,
				43A72B7F8E953A96DD0128A8 /* CurvedText.swift */,
			);
			path = Shared;
			sourceTree = "<group>";
		};
		6A1C52142722FF8F0091E1C9 /* Products */ = {
			isa = PBXGroup;
			children = (
				6A1C52132722FF8F0091E1C9 /* lifeWheelIOS.app */,
				6A1C52192722FF8F0091E1C9 /* lifeWheelIOS.app */,
			);
			name = Products;
			sourceTree = "<group>";
		};
		6A1C521A2722FF8F0091E1C9 /* macOS */ = {
			isa = PBXGroup;
			children = (
				6A1C521B2722FF8F0091E1C9 /* macOS.entitlements */,
			);
			path = macOS;
			sourceTree = "<group>";
		};
/* End PBXGroup section */

/* Begin PBXNativeTarget section */
		6A1C52122722FF8F0091E1C9 /* lifeWheelIOS (iOS) */ = {
			isa = PBXNativeTarget;
			buildConfigurationList = 6A1C52242722FF8F0091E1C9 /* Build configuration list for PBXNativeTarget "lifeWheelIOS (iOS)" */;
			buildPhases = (
				6A1C520F2722FF8F0091E1C9 /* Sources */,
				6A1C52102722FF8F0091E1C9 /* Frameworks */,
				6A1C52112722FF8F0091E1C9 /* Resources */,
			);
			buildRules = (
			);
			dependencies = (
			);
			name = "lifeWheelIOS (iOS)";
			productName = "lifeWheelIOS (iOS)";
			productReference = 6A1C52132722FF8F0091E1C9 /* lifeWheelIOS.app */;
			productType = "com.apple.product-type.application";
		};
		6A1C52182722FF8F0091E1C9 /* lifeWheelIOS (macOS) */ = {
			isa = PBXNativeTarget;
			buildConfigurationList = 6A1C52272722FF8F0091E1C9 /* Build configuration list for PBXNativeTarget "lifeWheelIOS (macOS)" */;
			buildPhases = (
				6A1C52152722FF8F0091E1C9 /* Sources */,
				6A1C52162722FF8F0091E1C9 /* Frameworks */,
				6A1C52172722FF8F0091E1C9 /* Resources */,
			);
			buildRules = (
			);
			dependencies = (
			);
			name = "lifeWheelIOS (macOS)";
			productName = "lifeWheelIOS (macOS)";
			productReference = 6A1C52192722FF8F0091E1C9 /* lifeWheelIOS.app */;
			productType = "com.apple.product-type.application";
		};
/* End PBXNativeTarget section */

/* Begin PBXProject section */
		6A1C52072722FF8E0091E1C9 /* Project object */ = {
			isa = PBXProject;
			attributes = {
				BuildIndependentTargetsInParallel = 1;
				LastSwiftUpdateCheck = 1300;
				LastUpgradeCheck = 1300;
				TargetAttributes = {
					6A1C52122722FF8F0091E1C9 = {
						CreatedOnToolsVersion = 13.0;
					};
					6A1C52182722FF8F0091E1C9 = {
						CreatedOnToolsVersion = 13.0;
					};
				};
			};
			buildConfigurationList = 6A1C520A2722FF8E0091E1C9 /* Build configuration list for PBXProject "lifeWheelIOS" */;
			compatibilityVersion = "Xcode 13.0";
			developmentRegion = en;
			hasScannedForEncodings = 0;
			knownRegions = (
				en,
				Base,
			);
			mainGroup = 6A1C52062722FF8E0091E1C9;
			productRefGroup = 6A1C52142722FF8F0091E1C9 /* Products */;
			projectDirPath = "";
			projectRoot = "";
			targets = (
				6A1C52122722FF8F0091E1C9 /* lifeWheelIOS (iOS) */,
				6A1C52182722FF8F0091E1C9 /* lifeWheelIOS (macOS) */,
			);
		};
/* End PBXProject section */

/* Begin PBXResourcesBuildPhase section */
		6A1C52112722FF8F0091E1C9 /* Resources */ = {
			isa = PBXResourcesBuildPhase;
			buildActionMask = 2147483647;
			files = (
				6A1C52202722FF8F0091E1C9 /* Assets.xcassets in Resources */,
			);
			runOnlyForDeploymentPostprocessing = 0;
		};
		6A1C52172722FF8F0091E1C9 /* Resources */ = {
			isa = PBXResourcesBuildPhase;
			buildActionMask = 2147483647;
			files = (
				6A1C52212722FF8F0091E1C9 /* Assets.xcassets in Resources */,
			);
			runOnlyForDeploymentPostprocessing = 0;
		};
/* End PBXResourcesBuildPhase section */

/* Begin PBXSourcesBuildPhase section */
		6A1C520F2722FF8F0091E1C9 /* Sources */ = {
			isa = PBXSourcesBuildPhase;
			buildActionMask = 2147483647;
			files = (
				6A1C521E2722FF8F0091E1C9 /* ContentView.swift in Sources */,
				6A1C521C2722FF8F0091E1C9 /* lifeWheelIOSApp.swift in Sources */,
				6A1C522B27230A0B0091E1C9 /* ContentViewModel.swift in Sources */,
				43A72BB8E35E78AF06B79EC9 /* CurvedText.swift in Sources */,
			);
			runOnlyForDeploymentPostprocessing = 0;
		};
		6A1C52152722FF8F0091E1C9 /* Sources */ = {
			isa = PBXSourcesBuildPhase;
			buildActionMask = 2147483647;
			files = (
				6A1C521F2722FF8F0091E1C9 /* ContentView.swift in Sources */,
				6A1C521D2722FF8F0091E1C9 /* lifeWheelIOSApp.swift in Sources */,
				6A1C522C27230A0B0091E1C9 /* ContentViewModel.swift in Sources */,
			);
			runOnlyForDeploymentPostprocessing = 0;
		};
/* End PBXSourcesBuildPhase section */

/* Begin XCBuildConfiguration section */
		6A1C52222722FF8F0091E1C9 /* Debug */ = {
			isa = XCBuildConfiguration;
			buildSettings = {
				ALWAYS_SEARCH_USER_PATHS = NO;
				CLANG_ANALYZER_NONNULL = YES;
				CLANG_ANALYZER_NUMBER_OBJECT_CONVERSION = YES_AGGRESSIVE;
				CLANG_CXX_LANGUAGE_STANDARD = "gnu++17";
				CLANG_CXX_LIBRARY = "libc++";
				CLANG_ENABLE_MODULES = YES;
				CLANG_ENABLE_OBJC_ARC = YES;
				CLANG_ENABLE_OBJC_WEAK = YES;
				CLANG_WARN_BLOCK_CAPTURE_AUTORELEASING = YES;
				CLANG_WARN_BOOL_CONVERSION = YES;
				CLANG_WARN_COMMA = YES;
				CLANG_WARN_CONSTANT_CONVERSION = YES;
				CLANG_WARN_DEPRECATED_OBJC_IMPLEMENTATIONS = YES;
				CLANG_WARN_DIRECT_OBJC_ISA_USAGE = YES_ERROR;
				CLANG_WARN_DOCUMENTATION_COMMENTS = YES;
				CLANG_WARN_EMPTY_BODY = YES;
				CLANG_WARN_ENUM_CONVERSION = YES;
				CLANG_WARN_INFINITE_RECURSION = YES;
				CLANG_WARN_INT_CONVERSION = YES;
				CLANG_WARN_NON_LITERAL_NULL_CONVERSION = YES;
				CLANG_WARN_OBJC_IMPLICIT_RETAIN_SELF = YES;
				CLANG_WARN_OBJC_LITERAL_CONVERSION = YES;
				CLANG_WARN_OBJC_ROOT_CLASS = YES_ERROR;
				CLANG_WARN_QUOTED_INCLUDE_IN_FRAMEWORK_HEADER = YES;
				CLANG_WARN_RANGE_LOOP_ANALYSIS = YES;
				CLANG_WARN_STRICT_PROTOTYPES = YES;
				CLANG_WARN_SUSPICIOUS_MOVE = YES;
				CLANG_WARN_UNGUARDED_AVAILABILITY = YES_AGGRESSIVE;
				CLANG_WARN_UNREACHABLE_CODE = YES;
				CLANG_WARN__DUPLICATE_METHOD_MATCH = YES;
				COPY_PHASE_STRIP = NO;
				DEBUG_INFORMATION_FORMAT = dwarf;
				ENABLE_STRICT_OBJC_MSGSEND = YES;
				ENABLE_TESTABILITY = YES;
				GCC_C_LANGUAGE_STANDARD = gnu11;
				GCC_DYNAMIC_NO_PIC = NO;
				GCC_NO_COMMON_BLOCKS = YES;
				GCC_OPTIMIZATION_LEVEL = 0;
				GCC_PREPROCESSOR_DEFINITIONS = (
					"DEBUG=1",
					"$(inherited)",
				);
				GCC_WARN_64_TO_32_BIT_CONVERSION = YES;
				GCC_WARN_ABOUT_RETURN_TYPE = YES_ERROR;
				GCC_WARN_UNDECLARED_SELECTOR = YES;
				GCC_WARN_UNINITIALIZED_AUTOS = YES_AGGRESSIVE;
				GCC_WARN_UNUSED_FUNCTION = YES;
				GCC_WARN_UNUSED_VARIABLE = YES;
				MTL_ENABLE_DEBUG_INFO = INCLUDE_SOURCE;
				MTL_FAST_MATH = YES;
				ONLY_ACTIVE_ARCH = YES;
				SWIFT_ACTIVE_COMPILATION_CONDITIONS = DEBUG;
				SWIFT_OPTIMIZATION_LEVEL = "-Onone";
			};
			name = Debug;
		};
		6A1C52232722FF8F0091E1C9 /* Release */ = {
			isa = XCBuildConfiguration;
			buildSettings = {
				ALWAYS_SEARCH_USER_PATHS = NO;
				CLANG_ANALYZER_NONNULL = YES;
				CLANG_ANALYZER_NUMBER_OBJECT_CONVERSION = YES_AGGRESSIVE;
				CLANG_CXX_LANGUAGE_STANDARD = "gnu++17";
				CLANG_CXX_LIBRARY = "libc++";
				CLANG_ENABLE_MODULES = YES;
				CLANG_ENABLE_OBJC_ARC = YES;
				CLANG_ENABLE_OBJC_WEAK = YES;
				CLANG_WARN_BLOCK_CAPTURE_AUTORELEASING = YES;
				CLANG_WARN_BOOL_CONVERSION = YES;
				CLANG_WARN_COMMA = YES;
				CLANG_WARN_CONSTANT_CONVERSION = YES;
				CLANG_WARN_DEPRECATED_OBJC_IMPLEMENTATIONS = YES;
				CLANG_WARN_DIRECT_OBJC_ISA_USAGE = YES_ERROR;
				CLANG_WARN_DOCUMENTATION_COMMENTS = YES;
				CLANG_WARN_EMPTY_BODY = YES;
				CLANG_WARN_ENUM_CONVERSION = YES;
				CLANG_WARN_INFINITE_RECURSION = YES;
				CLANG_WARN_INT_CONVERSION = YES;
				CLANG_WARN_NON_LITERAL_NULL_CONVERSION = YES;
				CLANG_WARN_OBJC_IMPLICIT_RETAIN_SELF = YES;
				CLANG_WARN_OBJC_LITERAL_CONVERSION = YES;
				CLANG_WARN_OBJC_ROOT_CLASS = YES_ERROR;
				CLANG_WARN_QUOTED_INCLUDE_IN_FRAMEWORK_HEADER = YES;
				CLANG_WARN_RANGE_LOOP_ANALYSIS = YES;
				CLANG_WARN_STRICT_PROTOTYPES = YES;
				CLANG_WARN_SUSPICIOUS_MOVE = YES;
				CLANG_WARN_UNGUARDED_AVAILABILITY = YES_AGGRESSIVE;
				CLANG_WARN_UNREACHABLE_CODE = YES;
				CLANG_WARN__DUPLICATE_METHOD_MATCH = YES;
				COPY_PHASE_STRIP = NO;
				DEBUG_INFORMATION_FORMAT = "dwarf-with-dsym";
				ENABLE_NS_ASSERTIONS = NO;
				ENABLE_STRICT_OBJC_MSGSEND = YES;
				GCC_C_LANGUAGE_STANDARD = gnu11;
				GCC_NO_COMMON_BLOCKS = YES;
				GCC_WARN_64_TO_32_BIT_CONVERSION = YES;
				GCC_WARN_ABOUT_RETURN_TYPE = YES_ERROR;
				GCC_WARN_UNDECLARED_SELECTOR = YES;
				GCC_WARN_UNINITIALIZED_AUTOS = YES_AGGRESSIVE;
				GCC_WARN_UNUSED_FUNCTION = YES;
				GCC_WARN_UNUSED_VARIABLE = YES;
				MTL_ENABLE_DEBUG_INFO = NO;
				MTL_FAST_MATH = YES;
				SWIFT_COMPILATION_MODE = wholemodule;
				SWIFT_OPTIMIZATION_LEVEL = "-O";
			};
			name = Release;
		};
		6A1C52252722FF8F0091E1C9 /* Debug */ = {
			isa = XCBuildConfiguration;
			buildSettings = {
				ASSETCATALOG_COMPILER_APPICON_NAME = AppIcon;
				ASSETCATALOG_COMPILER_GLOBAL_ACCENT_COLOR_NAME = AccentColor;
				CODE_SIGN_STYLE = Automatic;
				CURRENT_PROJECT_VERSION = 1;
				DEVELOPMENT_TEAM = GR827W94P5;
				ENABLE_PREVIEWS = YES;
				GENERATE_INFOPLIST_FILE = YES;
				INFOPLIST_KEY_UIApplicationSceneManifest_Generation = YES;
				INFOPLIST_KEY_UIApplicationSupportsIndirectInputEvents = YES;
				INFOPLIST_KEY_UILaunchScreen_Generation = YES;
				INFOPLIST_KEY_UISupportedInterfaceOrientations_iPad = "UIInterfaceOrientationPortrait UIInterfaceOrientationPortraitUpsideDown UIInterfaceOrientationLandscapeLeft UIInterfaceOrientationLandscapeRight";
				INFOPLIST_KEY_UISupportedInterfaceOrientations_iPhone = "UIInterfaceOrientationPortrait UIInterfaceOrientationLandscapeLeft UIInterfaceOrientationLandscapeRight";
				IPHONEOS_DEPLOYMENT_TARGET = 14.0;
				LD_RUNPATH_SEARCH_PATHS = (
					"$(inherited)",
					"@executable_path/Frameworks",
				);
				MARKETING_VERSION = 1.0;
				PRODUCT_BUNDLE_IDENTIFIER = me.lifeWheelIOS;
				PRODUCT_NAME = lifeWheelIOS;
				SDKROOT = iphoneos;
				SWIFT_EMIT_LOC_STRINGS = YES;
				SWIFT_VERSION = 5.0;
				TARGETED_DEVICE_FAMILY = "1,2";
			};
			name = Debug;
		};
		6A1C52262722FF8F0091E1C9 /* Release */ = {
			isa = XCBuildConfiguration;
			buildSettings = {
				ASSETCATALOG_COMPILER_APPICON_NAME = AppIcon;
				ASSETCATALOG_COMPILER_GLOBAL_ACCENT_COLOR_NAME = AccentColor;
				CODE_SIGN_STYLE = Automatic;
				CURRENT_PROJECT_VERSION = 1;
				DEVELOPMENT_TEAM = GR827W94P5;
				ENABLE_PREVIEWS = YES;
				GENERATE_INFOPLIST_FILE = YES;
				INFOPLIST_KEY_UIApplicationSceneManifest_Generation = YES;
				INFOPLIST_KEY_UIApplicationSupportsIndirectInputEvents = YES;
				INFOPLIST_KEY_UILaunchScreen_Generation = YES;
				INFOPLIST_KEY_UISupportedInterfaceOrientations_iPad = "UIInterfaceOrientationPortrait UIInterfaceOrientationPortraitUpsideDown UIInterfaceOrientationLandscapeLeft UIInterfaceOrientationLandscapeRight";
				INFOPLIST_KEY_UISupportedInterfaceOrientations_iPhone = "UIInterfaceOrientationPortrait UIInterfaceOrientationLandscapeLeft UIInterfaceOrientationLandscapeRight";
				IPHONEOS_DEPLOYMENT_TARGET = 14.0;
				LD_RUNPATH_SEARCH_PATHS = (
					"$(inherited)",
					"@executable_path/Frameworks",
				);
				MARKETING_VERSION = 1.0;
				PRODUCT_BUNDLE_IDENTIFIER = me.lifeWheelIOS;
				PRODUCT_NAME = lifeWheelIOS;
				SDKROOT = iphoneos;
				SWIFT_EMIT_LOC_STRINGS = YES;
				SWIFT_VERSION = 5.0;
				TARGETED_DEVICE_FAMILY = "1,2";
				VALIDATE_PRODUCT = YES;
			};
			name = Release;
		};
		6A1C52282722FF8F0091E1C9 /* Debug */ = {
			isa = XCBuildConfiguration;
			buildSettings = {
				ASSETCATALOG_COMPILER_APPICON_NAME = AppIcon;
				ASSETCATALOG_COMPILER_GLOBAL_ACCENT_COLOR_NAME = AccentColor;
				CODE_SIGN_ENTITLEMENTS = macOS/macOS.entitlements;
				CODE_SIGN_STYLE = Automatic;
				COMBINE_HIDPI_IMAGES = YES;
				CURRENT_PROJECT_VERSION = 1;
				DEVELOPMENT_TEAM = GR827W94P5;
				ENABLE_HARDENED_RUNTIME = YES;
				ENABLE_PREVIEWS = YES;
				GENERATE_INFOPLIST_FILE = YES;
				INFOPLIST_KEY_NSHumanReadableCopyright = "";
				LD_RUNPATH_SEARCH_PATHS = (
					"$(inherited)",
					"@executable_path/../Frameworks",
				);
				MACOSX_DEPLOYMENT_TARGET = 11.0;
				MARKETING_VERSION = 1.0;
				PRODUCT_BUNDLE_IDENTIFIER = me.lifeWheelIOS;
				PRODUCT_NAME = lifeWheelIOS;
				SDKROOT = macosx;
				SWIFT_EMIT_LOC_STRINGS = YES;
				SWIFT_VERSION = 5.0;
			};
			name = Debug;
		};
		6A1C52292722FF8F0091E1C9 /* Release */ = {
			isa = XCBuildConfiguration;
			buildSettings = {
				ASSETCATALOG_COMPILER_APPICON_NAME = AppIcon;
				ASSETCATALOG_COMPILER_GLOBAL_ACCENT_COLOR_NAME = AccentColor;
				CODE_SIGN_ENTITLEMENTS = macOS/macOS.entitlements;
				CODE_SIGN_STYLE = Automatic;
				COMBINE_HIDPI_IMAGES = YES;
				CURRENT_PROJECT_VERSION = 1;
				DEVELOPMENT_TEAM = GR827W94P5;
				ENABLE_HARDENED_RUNTIME = YES;
				ENABLE_PREVIEWS = YES;
				GENERATE_INFOPLIST_FILE = YES;
				INFOPLIST_KEY_NSHumanReadableCopyright = "";
				LD_RUNPATH_SEARCH_PATHS = (
					"$(inherited)",
					"@executable_path/../Frameworks",
				);
				MACOSX_DEPLOYMENT_TARGET = 11.0;
				MARKETING_VERSION = 1.0;
				PRODUCT_BUNDLE_IDENTIFIER = me.lifeWheelIOS;
				PRODUCT_NAME = lifeWheelIOS;
				SDKROOT = macosx;
				SWIFT_EMIT_LOC_STRINGS = YES;
				SWIFT_VERSION = 5.0;
			};
			name = Release;
		};
/* End XCBuildConfiguration section */

/* Begin XCConfigurationList section */
		6A1C520A2722FF8E0091E1C9 /* Build configuration list for PBXProject "lifeWheelIOS" */ = {
			isa = XCConfigurationList;
			buildConfigurations = (
				6A1C52222722FF8F0091E1C9 /* Debug */,
				6A1C52232722FF8F0091E1C9 /* Release */,
			);
			defaultConfigurationIsVisible = 0;
			defaultConfigurationName = Release;
		};
		6A1C52242722FF8F0091E1C9 /* Build configuration list for PBXNativeTarget "lifeWheelIOS (iOS)" */ = {
			isa = XCConfigurationList;
			buildConfigurations = (
				6A1C52252722FF8F0091E1C9 /* Debug */,
				6A1C52262722FF8F0091E1C9 /* Release */,
			);
			defaultConfigurationIsVisible = 0;
			defaultConfigurationName = Release;
		};
		6A1C52272722FF8F0091E1C9 /* Build configuration list for PBXNativeTarget "lifeWheelIOS (macOS)" */ = {
			isa = XCConfigurationList;
			buildConfigurations = (
				6A1C52282722FF8F0091E1C9 /* Debug */,
				6A1C52292722FF8F0091E1C9 /* Release */,
			);
			defaultConfigurationIsVisible = 0;
			defaultConfigurationName = Release;
		};
/* End XCConfigurationList section */
	};
	rootObject = 6A1C52072722FF8E0091E1C9 /* Project object */;
}
